
Microsoft Visual Studio Solution File, Format Version 12.00
# Visual Studio Version 17
VisualStudioVersion = 17.5.33516.290
MinimumVisualStudioVersion = 10.0.40219.1
Project("{FAE04EC0-301F-11D3-BF4B-00C04F79EFBC}") = "TelefonRehberi-CodeFirst", "TelefonRehberi-CodeFirst\TelefonRehberi-CodeFirst.csproj", "{C5F1615B-4130-4368-A230-59CE30A28F63}"
EndProject
Global
	GlobalSection(SolutionConfigurationPlatforms) = preSolution
		Debug|Any CPU = Debug|Any CPU
		Release|Any CPU = Release|Any CPU
	EndGlobalSection
	GlobalSection(ProjectConfigurationPlatforms) = postSolution
		{C5F1615B-4130-4368-A230-59CE30A28F63}.Debug|Any CPU.ActiveCfg = Debug|Any CPU
		{C5F1615B-4130-4368-A230-59CE30A28F63}.Debug|Any CPU.Build.0 = Debug|Any CPU
		{C5F1615B-4130-4368-A230-59CE30A28F63}.Release|Any CPU.ActiveCfg = Release|Any CPU
		{C5F1615B-4130-4368-A230-59CE30A28F63}.Release|Any CPU.Build.0 = Release|Any CPU
	EndGlobalSection
	GlobalSection(SolutionProperties) = preSolution
		HideSolutionNode = FALSE
	EndGlobalSection
	GlobalSection(ExtensibilityGlobals) = postSolution
		SolutionGuid = {0C05242D-D39F-49A1-BD8B-1AE1B9DD24A7}
	EndGlobalSection
EndGlobal
